
Microsoft Visual Studio Solution File, Format Version 12.00
# Visual Studio Version 17
VisualStudioVersion = 17.2.32616.157
MinimumVisualStudioVersion = 10.0.40219.1
Project("{FAE04EC0-301F-11D3-BF4B-00C04F79EFBC}") = "EntityFrameworkNet5.ConsoleApp", "EntityFrameworkNet5.ConsoleApp\EntityFrameworkNet5.ConsoleApp.csproj", "{5D259519-CEE4-43AD-9E21-D9D8DBCA621C}"
EndProject
Project("{FAE04EC0-301F-11D3-BF4B-00C04F79EFBC}") = "EntityFrameworkNet5.Data", "EntityFrameworkNet5.Data\EntityFrameworkNet5.Data.csproj", "{2FCBBB5C-BFB4-414C-9491-CB0FFF7892B0}"
EndProject
Project("{FAE04EC0-301F-11D3-BF4B-00C04F79EFBC}") = "EntityFrameworkNet5.Domain", "EntityFrameworkNet5.Domain\EntityFrameworkNet5.Domain.csproj", "{D9BD9B62-DDA9-4EB5-84A1-C0C8460B0DC0}"
EndProject
Global
	GlobalSection(SolutionConfigurationPlatforms) = preSolution
		Debug|Any CPU = Debug|Any CPU
		Release|Any CPU = Release|Any CPU
	EndGlobalSection
	GlobalSection(ProjectConfigurationPlatforms) = postSolution
		{5D259519-CEE4-43AD-9E21-D9D8DBCA621C}.Debug|Any CPU.ActiveCfg = Debug|Any CPU
		{5D259519-CEE4-43AD-9E21-D9D8DBCA621C}.Debug|Any CPU.Build.0 = Debug|Any CPU
		{5D259519-CEE4-43AD-9E21-D9D8DBCA621C}.Release|Any CPU.ActiveCfg = Release|Any CPU
		{5D259519-CEE4-43AD-9E21-D9D8DBCA621C}.Release|Any CPU.Build.0 = Release|Any CPU
		{2FCBBB5C-BFB4-414C-9491-CB0FFF7892B0}.Debug|Any CPU.ActiveCfg = Debug|Any CPU
		{2FCBBB5C-BFB4-414C-9491-CB0FFF7892B0}.Debug|Any CPU.Build.0 = Debug|Any CPU
		{2FCBBB5C-BFB4-414C-9491-CB0FFF7892B0}.Release|Any CPU.ActiveCfg = Release|Any CPU
		{2FCBBB5C-BFB4-414C-9491-CB0FFF7892B0}.Release|Any CPU.Build.0 = Release|Any CPU
		{D9BD9B62-DDA9-4EB5-84A1-C0C8460B0DC0}.Debug|Any CPU.ActiveCfg = Debug|Any CPU
		{D9BD9B62-DDA9-4EB5-84A1-C0C8460B0DC0}.Debug|Any CPU.Build.0 = Debug|Any CPU
		{D9BD9B62-DDA9-4EB5-84A1-C0C8460B0DC0}.Release|Any CPU.ActiveCfg = Release|Any CPU
		{D9BD9B62-DDA9-4EB5-84A1-C0C8460B0DC0}.Release|Any CPU.Build.0 = Release|Any CPU
	EndGlobalSection
	GlobalSection(SolutionProperties) = preSolution
		HideSolutionNode = FALSE
	EndGlobalSection
	GlobalSection(ExtensibilityGlobals) = postSolution
		SolutionGuid = {8232B106-6FC7-43F4-B00D-4639AA735490}
	EndGlobalSection
EndGlobal
