
Microsoft Visual Studio Solution File, Format Version 12.00
# Visual Studio Version 17
VisualStudioVersion = 17.2.32616.157
MinimumVisualStudioVersion = 10.0.40219.1
Project("{FAE04EC0-301F-11D3-BF4B-00C04F79EFBC}") = "EFCoreConsoleAppDemo", "EFCoreConsoleAppDemo\EFCoreConsoleAppDemo.csproj", "{E27069A3-6FBE-43B8-A1B6-5FCE745C0FDB}"
EndProject
Global
	GlobalSection(SolutionConfigurationPlatforms) = preSolution
		Debug|Any CPU = Debug|Any CPU
		Release|Any CPU = Release|Any CPU
	EndGlobalSection
	GlobalSection(ProjectConfigurationPlatforms) = postSolution
		{E27069A3-6FBE-43B8-A1B6-5FCE745C0FDB}.Debug|Any CPU.ActiveCfg = Debug|Any CPU
		{E27069A3-6FBE-43B8-A1B6-5FCE745C0FDB}.Debug|Any CPU.Build.0 = Debug|Any CPU
		{E27069A3-6FBE-43B8-A1B6-5FCE745C0FDB}.Release|Any CPU.ActiveCfg = Release|Any CPU
		{E27069A3-6FBE-43B8-A1B6-5FCE745C0FDB}.Release|Any CPU.Build.0 = Release|Any CPU
	EndGlobalSection
	GlobalSection(SolutionProperties) = preSolution
		HideSolutionNode = FALSE
	EndGlobalSection
	GlobalSection(ExtensibilityGlobals) = postSolution
		SolutionGuid = {6EC92C0D-3BCB-4652-B1BD-94905549B4C0}
	EndGlobalSection
EndGlobal
