
Microsoft Visual Studio Solution File, Format Version 12.00
# Visual Studio Version 17
VisualStudioVersion = 17.2.32602.215
MinimumVisualStudioVersion = 10.0.40219.1
Project("{FAE04EC0-301F-11D3-BF4B-00C04F79EFBC}") = "WizLib", "WizLib\WizLib.csproj", "{9CBE7A2F-A845-443A-B86D-A34559F13CE6}"
EndProject
Project("{FAE04EC0-301F-11D3-BF4B-00C04F79EFBC}") = "WizLib_DataAccess", "WizLib_DataAccess\WizLib_DataAccess.csproj", "{C82AE864-5456-438A-9CE1-0EB73B353B93}"
EndProject
Project("{FAE04EC0-301F-11D3-BF4B-00C04F79EFBC}") = "WizLib_Model", "WizLib_Model\WizLib_Model.csproj", "{8BEA61BC-09FF-45EE-9682-2AC5522BB62C}"
EndProject
Global
	GlobalSection(SolutionConfigurationPlatforms) = preSolution
		Debug|Any CPU = Debug|Any CPU
		Release|Any CPU = Release|Any CPU
	EndGlobalSection
	GlobalSection(ProjectConfigurationPlatforms) = postSolution
		{9CBE7A2F-A845-443A-B86D-A34559F13CE6}.Debug|Any CPU.ActiveCfg = Debug|Any CPU
		{9CBE7A2F-A845-443A-B86D-A34559F13CE6}.Debug|Any CPU.Build.0 = Debug|Any CPU
		{9CBE7A2F-A845-443A-B86D-A34559F13CE6}.Release|Any CPU.ActiveCfg = Release|Any CPU
		{9CBE7A2F-A845-443A-B86D-A34559F13CE6}.Release|Any CPU.Build.0 = Release|Any CPU
		{C82AE864-5456-438A-9CE1-0EB73B353B93}.Debug|Any CPU.ActiveCfg = Debug|Any CPU
		{C82AE864-5456-438A-9CE1-0EB73B353B93}.Debug|Any CPU.Build.0 = Debug|Any CPU
		{C82AE864-5456-438A-9CE1-0EB73B353B93}.Release|Any CPU.ActiveCfg = Release|Any CPU
		{C82AE864-5456-438A-9CE1-0EB73B353B93}.Release|Any CPU.Build.0 = Release|Any CPU
		{8BEA61BC-09FF-45EE-9682-2AC5522BB62C}.Debug|Any CPU.ActiveCfg = Debug|Any CPU
		{8BEA61BC-09FF-45EE-9682-2AC5522BB62C}.Debug|Any CPU.Build.0 = Debug|Any CPU
		{8BEA61BC-09FF-45EE-9682-2AC5522BB62C}.Release|Any CPU.ActiveCfg = Release|Any CPU
		{8BEA61BC-09FF-45EE-9682-2AC5522BB62C}.Release|Any CPU.Build.0 = Release|Any CPU
	EndGlobalSection
	GlobalSection(SolutionProperties) = preSolution
		HideSolutionNode = FALSE
	EndGlobalSection
	GlobalSection(ExtensibilityGlobals) = postSolution
		SolutionGuid = {49145FBC-1A3F-471A-9B0E-6D2A38F4AEA0}
	EndGlobalSection
EndGlobal
