
Microsoft Visual Studio Solution File, Format Version 12.00
# Visual Studio Version 17
VisualStudioVersion = 17.2.32616.157
MinimumVisualStudioVersion = 10.0.40219.1
Project("{FAE04EC0-301F-11D3-BF4B-00C04F79EFBC}") = "EFCoreMovies", "EFCoreMovies\EFCoreMovies.csproj", "{56082969-D69C-419A-9FE0-3CBC2D759FF4}"
EndProject
Global
	GlobalSection(SolutionConfigurationPlatforms) = preSolution
		Debug|Any CPU = Debug|Any CPU
		Release|Any CPU = Release|Any CPU
	EndGlobalSection
	GlobalSection(ProjectConfigurationPlatforms) = postSolution
		{56082969-D69C-419A-9FE0-3CBC2D759FF4}.Debug|Any CPU.ActiveCfg = Debug|Any CPU
		{56082969-D69C-419A-9FE0-3CBC2D759FF4}.Debug|Any CPU.Build.0 = Debug|Any CPU
		{56082969-D69C-419A-9FE0-3CBC2D759FF4}.Release|Any CPU.ActiveCfg = Release|Any CPU
		{56082969-D69C-419A-9FE0-3CBC2D759FF4}.Release|Any CPU.Build.0 = Release|Any CPU
	EndGlobalSection
	GlobalSection(SolutionProperties) = preSolution
		HideSolutionNode = FALSE
	EndGlobalSection
	GlobalSection(ExtensibilityGlobals) = postSolution
		SolutionGuid = {C4C79EB7-49CC-4D8D-91A5-31AF380C7435}
	EndGlobalSection
EndGlobal
